
Microsoft Visual Studio Solution File, Format Version 12.00
# Visual Studio Version 16
VisualStudioVersion = 16.0.32602.291
MinimumVisualStudioVersion = 10.0.40219.1
Project("{8BC9CEB8-8B4A-11D0-8D11-00A0C91BC942}") = "ParallelTest", "ParallelTest\ParallelTest.vcxproj", "{777F7A75-F7ED-4CBE-A6BD-7876ACF8DC81}"
EndProject
Project("{8BC9CEB8-8B4A-11D0-8D11-00A0C91BC942}") = "CPUUsage", "CPUUsage\CPUUsage.vcxproj", "{931CBB4C-C3D3-4A08-9528-4A29D7BA0268}"
EndProject
Project("{8BC9CEB8-8B4A-11D0-8D11-00A0C91BC942}") = "VectorizationTest", "VectorizationTest\VectorizationTest.vcxproj", "{519C1168-6252-44F7-AF35-AA82F1D0FE72}"
EndProject
Project("{8BC9CEB8-8B4A-11D0-8D11-00A0C91BC942}") = "OpenMP", "OpenMP\OpenMP.vcxproj", "{5294A8EF-61B4-404A-B876-93CD0D2D5DC0}"
EndProject
Project("{8BC9CEB8-8B4A-11D0-8D11-00A0C91BC942}") = "GPUAMP", "GPUAMP\GPUAMP.vcxproj", "{35005AF8-10B0-41B0-A2EE-136F93EB779E}"
EndProject
Project("{8BC9CEB8-8B4A-11D0-8D11-00A0C91BC942}") = "IntelOneApi", "IntelIPP\IntelIPP.vcxproj", "{6626A2B9-754B-43A8-BD2D-09248CC28989}"
EndProject
Project("{8BC9CEB8-8B4A-11D0-8D11-00A0C91BC942}") = "Cuda", "Cuda\Cuda.vcxproj", "{F1FD8ACC-B831-44D1-A6FF-9D3F2C15E46D}"
EndProject
Project("{8BC9CEB8-8B4A-11D0-8D11-00A0C91BC942}") = "CUDATest", "CUDATest\CUDATest.vcxproj", "{33AFEA4C-35F2-4503-977D-E5BC68DDD48E}"
EndProject
Project("{8BC9CEB8-8B4A-11D0-8D11-00A0C91BC942}") = "AmpTest", "AmpTest\AmpTest.vcxproj", "{C94B8EDB-FBCB-4CE2-88B2-5C4BE5D5FBE8}"
EndProject
Global
	GlobalSection(SolutionConfigurationPlatforms) = preSolution
		Debug|x64 = Debug|x64
		Debug|x86 = Debug|x86
		Release|x64 = Release|x64
		Release|x86 = Release|x86
	EndGlobalSection
	GlobalSection(ProjectConfigurationPlatforms) = postSolution
		{777F7A75-F7ED-4CBE-A6BD-7876ACF8DC81}.Debug|x64.ActiveCfg = Debug|x64
		{777F7A75-F7ED-4CBE-A6BD-7876ACF8DC81}.Debug|x64.Build.0 = Debug|x64
		{777F7A75-F7ED-4CBE-A6BD-7876ACF8DC81}.Debug|x86.ActiveCfg = Debug|Win32
		{777F7A75-F7ED-4CBE-A6BD-7876ACF8DC81}.Debug|x86.Build.0 = Debug|Win32
		{777F7A75-F7ED-4CBE-A6BD-7876ACF8DC81}.Release|x64.ActiveCfg = Release|x64
		{777F7A75-F7ED-4CBE-A6BD-7876ACF8DC81}.Release|x64.Build.0 = Release|x64
		{777F7A75-F7ED-4CBE-A6BD-7876ACF8DC81}.Release|x86.ActiveCfg = Release|Win32
		{777F7A75-F7ED-4CBE-A6BD-7876ACF8DC81}.Release|x86.Build.0 = Release|Win32
		{931CBB4C-C3D3-4A08-9528-4A29D7BA0268}.Debug|x64.ActiveCfg = Debug|x64
		{931CBB4C-C3D3-4A08-9528-4A29D7BA0268}.Debug|x64.Build.0 = Debug|x64
		{931CBB4C-C3D3-4A08-9528-4A29D7BA0268}.Debug|x86.ActiveCfg = Debug|Win32
		{931CBB4C-C3D3-4A08-9528-4A29D7BA0268}.Debug|x86.Build.0 = Debug|Win32
		{931CBB4C-C3D3-4A08-9528-4A29D7BA0268}.Release|x64.ActiveCfg = Release|x64
		{931CBB4C-C3D3-4A08-9528-4A29D7BA0268}.Release|x64.Build.0 = Release|x64
		{931CBB4C-C3D3-4A08-9528-4A29D7BA0268}.Release|x86.ActiveCfg = Release|Win32
		{931CBB4C-C3D3-4A08-9528-4A29D7BA0268}.Release|x86.Build.0 = Release|Win32
		{519C1168-6252-44F7-AF35-AA82F1D0FE72}.Debug|x64.ActiveCfg = Debug|x64
		{519C1168-6252-44F7-AF35-AA82F1D0FE72}.Debug|x64.Build.0 = Debug|x64
		{519C1168-6252-44F7-AF35-AA82F1D0FE72}.Debug|x86.ActiveCfg = Debug|Win32
		{519C1168-6252-44F7-AF35-AA82F1D0FE72}.Debug|x86.Build.0 = Debug|Win32
		{519C1168-6252-44F7-AF35-AA82F1D0FE72}.Release|x64.ActiveCfg = Release|x64
		{519C1168-6252-44F7-AF35-AA82F1D0FE72}.Release|x64.Build.0 = Release|x64
		{519C1168-6252-44F7-AF35-AA82F1D0FE72}.Release|x86.ActiveCfg = Release|Win32
		{519C1168-6252-44F7-AF35-AA82F1D0FE72}.Release|x86.Build.0 = Release|Win32
		{5294A8EF-61B4-404A-B876-93CD0D2D5DC0}.Debug|x64.ActiveCfg = Debug|x64
		{5294A8EF-61B4-404A-B876-93CD0D2D5DC0}.Debug|x64.Build.0 = Debug|x64
		{5294A8EF-61B4-404A-B876-93CD0D2D5DC0}.Debug|x86.ActiveCfg = Debug|Win32
		{5294A8EF-61B4-404A-B876-93CD0D2D5DC0}.Debug|x86.Build.0 = Debug|Win32
		{5294A8EF-61B4-404A-B876-93CD0D2D5DC0}.Release|x64.ActiveCfg = Release|x64
		{5294A8EF-61B4-404A-B876-93CD0D2D5DC0}.Release|x64.Build.0 = Release|x64
		{5294A8EF-61B4-404A-B876-93CD0D2D5DC0}.Release|x86.ActiveCfg = Release|Win32
		{5294A8EF-61B4-404A-B876-93CD0D2D5DC0}.Release|x86.Build.0 = Release|Win32
		{35005AF8-10B0-41B0-A2EE-136F93EB779E}.Debug|x64.ActiveCfg = Debug|x64
		{35005AF8-10B0-41B0-A2EE-136F93EB779E}.Debug|x64.Build.0 = Debug|x64
		{35005AF8-10B0-41B0-A2EE-136F93EB779E}.Debug|x86.ActiveCfg = Debug|Win32
		{35005AF8-10B0-41B0-A2EE-136F93EB779E}.Debug|x86.Build.0 = Debug|Win32
		{35005AF8-10B0-41B0-A2EE-136F93EB779E}.Release|x64.ActiveCfg = Release|x64
		{35005AF8-10B0-41B0-A2EE-136F93EB779E}.Release|x64.Build.0 = Release|x64
		{35005AF8-10B0-41B0-A2EE-136F93EB779E}.Release|x86.ActiveCfg = Release|Win32
		{35005AF8-10B0-41B0-A2EE-136F93EB779E}.Release|x86.Build.0 = Release|Win32
		{6626A2B9-754B-43A8-BD2D-09248CC28989}.Debug|x64.ActiveCfg = Debug|x64
		{6626A2B9-754B-43A8-BD2D-09248CC28989}.Debug|x64.Build.0 = Debug|x64
		{6626A2B9-754B-43A8-BD2D-09248CC28989}.Debug|x86.ActiveCfg = Debug|Win32
		{6626A2B9-754B-43A8-BD2D-09248CC28989}.Debug|x86.Build.0 = Debug|Win32
		{6626A2B9-754B-43A8-BD2D-09248CC28989}.Release|x64.ActiveCfg = Release|x64
		{6626A2B9-754B-43A8-BD2D-09248CC28989}.Release|x64.Build.0 = Release|x64
		{6626A2B9-754B-43A8-BD2D-09248CC28989}.Release|x86.ActiveCfg = Release|Win32
		{6626A2B9-754B-43A8-BD2D-09248CC28989}.Release|x86.Build.0 = Release|Win32
		{F1FD8ACC-B831-44D1-A6FF-9D3F2C15E46D}.Debug|x64.ActiveCfg = Debug|x64
		{F1FD8ACC-B831-44D1-A6FF-9D3F2C15E46D}.Debug|x64.Build.0 = Debug|x64
		{F1FD8ACC-B831-44D1-A6FF-9D3F2C15E46D}.Debug|x86.ActiveCfg = Debug|x64
		{F1FD8ACC-B831-44D1-A6FF-9D3F2C15E46D}.Release|x64.ActiveCfg = Release|x64
		{F1FD8ACC-B831-44D1-A6FF-9D3F2C15E46D}.Release|x64.Build.0 = Release|x64
		{F1FD8ACC-B831-44D1-A6FF-9D3F2C15E46D}.Release|x86.ActiveCfg = Release|x64
		{33AFEA4C-35F2-4503-977D-E5BC68DDD48E}.Debug|x64.ActiveCfg = Debug|x64
		{33AFEA4C-35F2-4503-977D-E5BC68DDD48E}.Debug|x64.Build.0 = Debug|x64
		{33AFEA4C-35F2-4503-977D-E5BC68DDD48E}.Debug|x86.ActiveCfg = Debug|x64
		{33AFEA4C-35F2-4503-977D-E5BC68DDD48E}.Release|x64.ActiveCfg = Release|x64
		{33AFEA4C-35F2-4503-977D-E5BC68DDD48E}.Release|x64.Build.0 = Release|x64
		{33AFEA4C-35F2-4503-977D-E5BC68DDD48E}.Release|x86.ActiveCfg = Release|x64
		{C94B8EDB-FBCB-4CE2-88B2-5C4BE5D5FBE8}.Debug|x64.ActiveCfg = Debug|x64
		{C94B8EDB-FBCB-4CE2-88B2-5C4BE5D5FBE8}.Debug|x64.Build.0 = Debug|x64
		{C94B8EDB-FBCB-4CE2-88B2-5C4BE5D5FBE8}.Debug|x86.ActiveCfg = Debug|Win32
		{C94B8EDB-FBCB-4CE2-88B2-5C4BE5D5FBE8}.Debug|x86.Build.0 = Debug|Win32
		{C94B8EDB-FBCB-4CE2-88B2-5C4BE5D5FBE8}.Release|x64.ActiveCfg = Release|x64
		{C94B8EDB-FBCB-4CE2-88B2-5C4BE5D5FBE8}.Release|x64.Build.0 = Release|x64
		{C94B8EDB-FBCB-4CE2-88B2-5C4BE5D5FBE8}.Release|x86.ActiveCfg = Release|Win32
		{C94B8EDB-FBCB-4CE2-88B2-5C4BE5D5FBE8}.Release|x86.Build.0 = Release|Win32
	EndGlobalSection
	GlobalSection(SolutionProperties) = preSolution
		HideSolutionNode = FALSE
	EndGlobalSection
	GlobalSection(ExtensibilityGlobals) = postSolution
		SolutionGuid = {36BEAC96-B811-41A7-A065-5C2B353F3DDF}
	EndGlobalSection
EndGlobal
